
Microsoft Visual Studio Solution File, Format Version 12.00
# Visual Studio Version 17
VisualStudioVersion = 17.1.32328.378
MinimumVisualStudioVersion = 10.0.40219.1
Project("{9A19103F-16F7-4668-BE54-9A1E7A4F7556}") = "Sekiban.Core", "src\Sekiban.Core\Sekiban.Core.csproj", "{55BD846C-C1F0-4187-A0D7-2013EEEFDBCE}"
EndProject
Project("{2150E333-8FDC-42A3-9474-1A3956D46DE8}") = "Lib", "Lib", "{76D7B2DA-2E6B-4078-AC01-B29BCA83411A}"
EndProject
Project("{2150E333-8FDC-42A3-9474-1A3956D46DE8}") = "Samples", "Samples", "{B85F80AE-6A27-402C-93FA-352D938EDA8D}"
EndProject
Project("{9A19103F-16F7-4668-BE54-9A1E7A4F7556}") = "ESSampleProjectLib", "samples\ESSampleProjectLib\ESSampleProjectLib.csproj", "{81C2B718-30E5-4FAE-8CC9-BF4857C4745E}"
EndProject
Project("{9A19103F-16F7-4668-BE54-9A1E7A4F7556}") = "CustomerDomainContext", "samples\CustomerDomainContext\CustomerDomainContext.csproj", "{B29502DD-FDC4-4384-9639-B504E5A9E1CA}"
EndProject
Project("{2150E333-8FDC-42A3-9474-1A3956D46DE8}") = "Tests", "Tests", "{4C34F748-F223-44DD-899D-029F9CEF7780}"
EndProject
Project("{9A19103F-16F7-4668-BE54-9A1E7A4F7556}") = "SampleProjectStoryXTest", "test\SampleProjectStoryXTest\SampleProjectStoryXTest.csproj", "{36525982-9318-4E08-BE0E-2731A9AD8E42}"
EndProject
Project("{FAE04EC0-301F-11D3-BF4B-00C04F79EFBC}") = "Sekiban.Testing", "src\Sekiban.Testing\Sekiban.Testing.csproj", "{F59AF613-4111-486E-8F76-C51F116FDDE6}"
EndProject
Project("{FAE04EC0-301F-11D3-BF4B-00C04F79EFBC}") = "CustomerDomainXTest", "test\CustomerDomainXTest\CustomerDomainXTest.csproj", "{DBE7E09A-4AA2-4142-BA21-879E76D46174}"
EndProject
Project("{FAE04EC0-301F-11D3-BF4B-00C04F79EFBC}") = "Sekiban.Infrastructure.Cosmos", "src\Sekiban.Infrastructure.Cosmos\Sekiban.Infrastructure.Cosmos.csproj", "{76237ABB-237D-495B-BC3F-7BA27B0DD864}"
EndProject
Global
	GlobalSection(SolutionConfigurationPlatforms) = preSolution
		Debug|Any CPU = Debug|Any CPU
		Release|Any CPU = Release|Any CPU
	EndGlobalSection
	GlobalSection(ProjectConfigurationPlatforms) = postSolution
		{55BD846C-C1F0-4187-A0D7-2013EEEFDBCE}.Debug|Any CPU.ActiveCfg = Debug|Any CPU
		{55BD846C-C1F0-4187-A0D7-2013EEEFDBCE}.Debug|Any CPU.Build.0 = Debug|Any CPU
		{55BD846C-C1F0-4187-A0D7-2013EEEFDBCE}.Release|Any CPU.ActiveCfg = Release|Any CPU
		{55BD846C-C1F0-4187-A0D7-2013EEEFDBCE}.Release|Any CPU.Build.0 = Release|Any CPU
		{81C2B718-30E5-4FAE-8CC9-BF4857C4745E}.Debug|Any CPU.ActiveCfg = Debug|Any CPU
		{81C2B718-30E5-4FAE-8CC9-BF4857C4745E}.Debug|Any CPU.Build.0 = Debug|Any CPU
		{81C2B718-30E5-4FAE-8CC9-BF4857C4745E}.Release|Any CPU.ActiveCfg = Release|Any CPU
		{81C2B718-30E5-4FAE-8CC9-BF4857C4745E}.Release|Any CPU.Build.0 = Release|Any CPU
		{B29502DD-FDC4-4384-9639-B504E5A9E1CA}.Debug|Any CPU.ActiveCfg = Debug|Any CPU
		{B29502DD-FDC4-4384-9639-B504E5A9E1CA}.Debug|Any CPU.Build.0 = Debug|Any CPU
		{B29502DD-FDC4-4384-9639-B504E5A9E1CA}.Release|Any CPU.ActiveCfg = Release|Any CPU
		{B29502DD-FDC4-4384-9639-B504E5A9E1CA}.Release|Any CPU.Build.0 = Release|Any CPU
		{36525982-9318-4E08-BE0E-2731A9AD8E42}.Debug|Any CPU.ActiveCfg = Debug|Any CPU
		{36525982-9318-4E08-BE0E-2731A9AD8E42}.Debug|Any CPU.Build.0 = Debug|Any CPU
		{36525982-9318-4E08-BE0E-2731A9AD8E42}.Release|Any CPU.ActiveCfg = Release|Any CPU
		{36525982-9318-4E08-BE0E-2731A9AD8E42}.Release|Any CPU.Build.0 = Release|Any CPU
		{F59AF613-4111-486E-8F76-C51F116FDDE6}.Debug|Any CPU.ActiveCfg = Debug|Any CPU
		{F59AF613-4111-486E-8F76-C51F116FDDE6}.Debug|Any CPU.Build.0 = Debug|Any CPU
		{F59AF613-4111-486E-8F76-C51F116FDDE6}.Release|Any CPU.ActiveCfg = Release|Any CPU
		{F59AF613-4111-486E-8F76-C51F116FDDE6}.Release|Any CPU.Build.0 = Release|Any CPU
		{DBE7E09A-4AA2-4142-BA21-879E76D46174}.Debug|Any CPU.ActiveCfg = Debug|Any CPU
		{DBE7E09A-4AA2-4142-BA21-879E76D46174}.Debug|Any CPU.Build.0 = Debug|Any CPU
		{DBE7E09A-4AA2-4142-BA21-879E76D46174}.Release|Any CPU.ActiveCfg = Release|Any CPU
		{DBE7E09A-4AA2-4142-BA21-879E76D46174}.Release|Any CPU.Build.0 = Release|Any CPU
		{76237ABB-237D-495B-BC3F-7BA27B0DD864}.Debug|Any CPU.ActiveCfg = Debug|Any CPU
		{76237ABB-237D-495B-BC3F-7BA27B0DD864}.Debug|Any CPU.Build.0 = Debug|Any CPU
		{76237ABB-237D-495B-BC3F-7BA27B0DD864}.Release|Any CPU.ActiveCfg = Release|Any CPU
		{76237ABB-237D-495B-BC3F-7BA27B0DD864}.Release|Any CPU.Build.0 = Release|Any CPU
	EndGlobalSection
	GlobalSection(SolutionProperties) = preSolution
		HideSolutionNode = FALSE
	EndGlobalSection
	GlobalSection(NestedProjects) = preSolution
		{55BD846C-C1F0-4187-A0D7-2013EEEFDBCE} = {76D7B2DA-2E6B-4078-AC01-B29BCA83411A}
		{81C2B718-30E5-4FAE-8CC9-BF4857C4745E} = {B85F80AE-6A27-402C-93FA-352D938EDA8D}
		{B29502DD-FDC4-4384-9639-B504E5A9E1CA} = {B85F80AE-6A27-402C-93FA-352D938EDA8D}
		{36525982-9318-4E08-BE0E-2731A9AD8E42} = {4C34F748-F223-44DD-899D-029F9CEF7780}
		{F59AF613-4111-486E-8F76-C51F116FDDE6} = {76D7B2DA-2E6B-4078-AC01-B29BCA83411A}
		{DBE7E09A-4AA2-4142-BA21-879E76D46174} = {4C34F748-F223-44DD-899D-029F9CEF7780}
		{76237ABB-237D-495B-BC3F-7BA27B0DD864} = {76D7B2DA-2E6B-4078-AC01-B29BCA83411A}
	EndGlobalSection
	GlobalSection(ExtensibilityGlobals) = postSolution
		SolutionGuid = {2DFBE53E-69A7-453A-8D20-72271AE32016}
	EndGlobalSection
EndGlobal
