
Microsoft Visual Studio Solution File, Format Version 12.00
# Visual Studio Version 17
VisualStudioVersion = 17.1.32328.378
MinimumVisualStudioVersion = 10.0.40219.1
Project("{9A19103F-16F7-4668-BE54-9A1E7A4F7556}") = "Sekiban.EventSourcing", "src\Sekiban.EventSourcing\Sekiban.EventSourcing.csproj", "{55BD846C-C1F0-4187-A0D7-2013EEEFDBCE}"
EndProject
Project("{2150E333-8FDC-42A3-9474-1A3956D46DE8}") = "Lib", "Lib", "{76D7B2DA-2E6B-4078-AC01-B29BCA83411A}"
EndProject
Project("{9A19103F-16F7-4668-BE54-9A1E7A4F7556}") = "Sekiban.EventSourcing.CosmosInfrastructure", "src\Sekiban.EventSourcing.CosmosInfrastracture\Sekiban.EventSourcing.CosmosInfrastructure.csproj", "{F6F5A43D-3E80-4B39-8A56-13F2A6B61EC7}"
EndProject
Project("{2150E333-8FDC-42A3-9474-1A3956D46DE8}") = "Samples", "Samples", "{B85F80AE-6A27-402C-93FA-352D938EDA8D}"
EndProject
Project("{9A19103F-16F7-4668-BE54-9A1E7A4F7556}") = "ESSampleProjectLib", "samples\ESSampleProjectLib\ESSampleProjectLib.csproj", "{81C2B718-30E5-4FAE-8CC9-BF4857C4745E}"
EndProject
Project("{9A19103F-16F7-4668-BE54-9A1E7A4F7556}") = "CustomerDomainContext", "samples\CustomerDomainContext\CustomerDomainContext.csproj", "{B29502DD-FDC4-4384-9639-B504E5A9E1CA}"
EndProject
Project("{9A19103F-16F7-4668-BE54-9A1E7A4F7556}") = "DomainIntegration", "samples\DomainIntegration\DomainIntegration.csproj", "{C61B605A-2F2F-40C4-963F-F6D9FBF530CD}"
EndProject
Project("{9A19103F-16F7-4668-BE54-9A1E7A4F7556}") = "ESSampleProjectDependency", "samples\ESSampleProjectDependency\ESSampleProjectDependency.csproj", "{6E0F08C3-00B4-4717-9013-6B386474875E}"
EndProject
Project("{9A19103F-16F7-4668-BE54-9A1E7A4F7556}") = "CustomerWebApi", "samples\CustomerWebApi\CustomerWebApi.csproj", "{5ED1D505-37C6-4025-B991-8D0A7E1FD75F}"
EndProject
Project("{2150E333-8FDC-42A3-9474-1A3956D46DE8}") = "Tests", "Tests", "{4C34F748-F223-44DD-899D-029F9CEF7780}"
EndProject
Project("{9A19103F-16F7-4668-BE54-9A1E7A4F7556}") = "SampleProjectStoryXTest", "test\SampleProjectStoryXTest\SampleProjectStoryXTest.csproj", "{36525982-9318-4E08-BE0E-2731A9AD8E42}"
EndProject
Project("{FAE04EC0-301F-11D3-BF4B-00C04F79EFBC}") = "Sekiban.EventSourcing.WebHelper", "src\Sekiban.EventSourcing.WebHelper\Sekiban.EventSourcing.WebHelper.csproj", "{8BD77123-2671-45D8-989B-B176F09665A7}"
EndProject
Project("{FAE04EC0-301F-11D3-BF4B-00C04F79EFBC}") = "Sekiban.EventSourcing.Addon.Tenant", "Sekiban.EventSourcing.Addon.Tenant\Sekiban.EventSourcing.Addon.Tenant.csproj", "{D04427BB-9950-4CFF-9135-ED570179A7A8}"
EndProject
Global
	GlobalSection(SolutionConfigurationPlatforms) = preSolution
		Debug|Any CPU = Debug|Any CPU
		Release|Any CPU = Release|Any CPU
	EndGlobalSection
	GlobalSection(ProjectConfigurationPlatforms) = postSolution
		{55BD846C-C1F0-4187-A0D7-2013EEEFDBCE}.Debug|Any CPU.ActiveCfg = Debug|Any CPU
		{55BD846C-C1F0-4187-A0D7-2013EEEFDBCE}.Debug|Any CPU.Build.0 = Debug|Any CPU
		{55BD846C-C1F0-4187-A0D7-2013EEEFDBCE}.Release|Any CPU.ActiveCfg = Release|Any CPU
		{55BD846C-C1F0-4187-A0D7-2013EEEFDBCE}.Release|Any CPU.Build.0 = Release|Any CPU
		{F6F5A43D-3E80-4B39-8A56-13F2A6B61EC7}.Debug|Any CPU.ActiveCfg = Debug|Any CPU
		{F6F5A43D-3E80-4B39-8A56-13F2A6B61EC7}.Debug|Any CPU.Build.0 = Debug|Any CPU
		{F6F5A43D-3E80-4B39-8A56-13F2A6B61EC7}.Release|Any CPU.ActiveCfg = Release|Any CPU
		{F6F5A43D-3E80-4B39-8A56-13F2A6B61EC7}.Release|Any CPU.Build.0 = Release|Any CPU
		{81C2B718-30E5-4FAE-8CC9-BF4857C4745E}.Debug|Any CPU.ActiveCfg = Debug|Any CPU
		{81C2B718-30E5-4FAE-8CC9-BF4857C4745E}.Debug|Any CPU.Build.0 = Debug|Any CPU
		{81C2B718-30E5-4FAE-8CC9-BF4857C4745E}.Release|Any CPU.ActiveCfg = Release|Any CPU
		{81C2B718-30E5-4FAE-8CC9-BF4857C4745E}.Release|Any CPU.Build.0 = Release|Any CPU
		{B29502DD-FDC4-4384-9639-B504E5A9E1CA}.Debug|Any CPU.ActiveCfg = Debug|Any CPU
		{B29502DD-FDC4-4384-9639-B504E5A9E1CA}.Debug|Any CPU.Build.0 = Debug|Any CPU
		{B29502DD-FDC4-4384-9639-B504E5A9E1CA}.Release|Any CPU.ActiveCfg = Release|Any CPU
		{B29502DD-FDC4-4384-9639-B504E5A9E1CA}.Release|Any CPU.Build.0 = Release|Any CPU
		{C61B605A-2F2F-40C4-963F-F6D9FBF530CD}.Debug|Any CPU.ActiveCfg = Debug|Any CPU
		{C61B605A-2F2F-40C4-963F-F6D9FBF530CD}.Debug|Any CPU.Build.0 = Debug|Any CPU
		{C61B605A-2F2F-40C4-963F-F6D9FBF530CD}.Release|Any CPU.ActiveCfg = Release|Any CPU
		{C61B605A-2F2F-40C4-963F-F6D9FBF530CD}.Release|Any CPU.Build.0 = Release|Any CPU
		{6E0F08C3-00B4-4717-9013-6B386474875E}.Debug|Any CPU.ActiveCfg = Debug|Any CPU
		{6E0F08C3-00B4-4717-9013-6B386474875E}.Debug|Any CPU.Build.0 = Debug|Any CPU
		{6E0F08C3-00B4-4717-9013-6B386474875E}.Release|Any CPU.ActiveCfg = Release|Any CPU
		{6E0F08C3-00B4-4717-9013-6B386474875E}.Release|Any CPU.Build.0 = Release|Any CPU
		{5ED1D505-37C6-4025-B991-8D0A7E1FD75F}.Debug|Any CPU.ActiveCfg = Debug|Any CPU
		{5ED1D505-37C6-4025-B991-8D0A7E1FD75F}.Debug|Any CPU.Build.0 = Debug|Any CPU
		{5ED1D505-37C6-4025-B991-8D0A7E1FD75F}.Release|Any CPU.ActiveCfg = Release|Any CPU
		{5ED1D505-37C6-4025-B991-8D0A7E1FD75F}.Release|Any CPU.Build.0 = Release|Any CPU
		{36525982-9318-4E08-BE0E-2731A9AD8E42}.Debug|Any CPU.ActiveCfg = Debug|Any CPU
		{36525982-9318-4E08-BE0E-2731A9AD8E42}.Debug|Any CPU.Build.0 = Debug|Any CPU
		{36525982-9318-4E08-BE0E-2731A9AD8E42}.Release|Any CPU.ActiveCfg = Release|Any CPU
		{36525982-9318-4E08-BE0E-2731A9AD8E42}.Release|Any CPU.Build.0 = Release|Any CPU
		{8BD77123-2671-45D8-989B-B176F09665A7}.Debug|Any CPU.ActiveCfg = Debug|Any CPU
		{8BD77123-2671-45D8-989B-B176F09665A7}.Debug|Any CPU.Build.0 = Debug|Any CPU
		{8BD77123-2671-45D8-989B-B176F09665A7}.Release|Any CPU.ActiveCfg = Release|Any CPU
		{8BD77123-2671-45D8-989B-B176F09665A7}.Release|Any CPU.Build.0 = Release|Any CPU
		{D04427BB-9950-4CFF-9135-ED570179A7A8}.Debug|Any CPU.ActiveCfg = Debug|Any CPU
		{D04427BB-9950-4CFF-9135-ED570179A7A8}.Debug|Any CPU.Build.0 = Debug|Any CPU
		{D04427BB-9950-4CFF-9135-ED570179A7A8}.Release|Any CPU.ActiveCfg = Release|Any CPU
		{D04427BB-9950-4CFF-9135-ED570179A7A8}.Release|Any CPU.Build.0 = Release|Any CPU
	EndGlobalSection
	GlobalSection(SolutionProperties) = preSolution
		HideSolutionNode = FALSE
	EndGlobalSection
	GlobalSection(NestedProjects) = preSolution
		{55BD846C-C1F0-4187-A0D7-2013EEEFDBCE} = {76D7B2DA-2E6B-4078-AC01-B29BCA83411A}
		{F6F5A43D-3E80-4B39-8A56-13F2A6B61EC7} = {76D7B2DA-2E6B-4078-AC01-B29BCA83411A}
		{81C2B718-30E5-4FAE-8CC9-BF4857C4745E} = {B85F80AE-6A27-402C-93FA-352D938EDA8D}
		{B29502DD-FDC4-4384-9639-B504E5A9E1CA} = {B85F80AE-6A27-402C-93FA-352D938EDA8D}
		{C61B605A-2F2F-40C4-963F-F6D9FBF530CD} = {B85F80AE-6A27-402C-93FA-352D938EDA8D}
		{6E0F08C3-00B4-4717-9013-6B386474875E} = {B85F80AE-6A27-402C-93FA-352D938EDA8D}
		{5ED1D505-37C6-4025-B991-8D0A7E1FD75F} = {B85F80AE-6A27-402C-93FA-352D938EDA8D}
		{36525982-9318-4E08-BE0E-2731A9AD8E42} = {4C34F748-F223-44DD-899D-029F9CEF7780}
		{8BD77123-2671-45D8-989B-B176F09665A7} = {76D7B2DA-2E6B-4078-AC01-B29BCA83411A}
		{D04427BB-9950-4CFF-9135-ED570179A7A8} = {76D7B2DA-2E6B-4078-AC01-B29BCA83411A}
	EndGlobalSection
	GlobalSection(ExtensibilityGlobals) = postSolution
		SolutionGuid = {2DFBE53E-69A7-453A-8D20-72271AE32016}
	EndGlobalSection
EndGlobal
