Microsoft Visual Studio Solution File, Format Version 12.00
# Visual Studio Version 17
VisualStudioVersion = 17.1.32328.378
MinimumVisualStudioVersion = 10.0.40219.1
Project("{2150E333-8FDC-42A3-9474-1A3956D46DE8}") = "Lib", "Lib", "{76D7B2DA-2E6B-4078-AC01-B29BCA83411A}"
EndProject
Project("{2150E333-8FDC-42A3-9474-1A3956D46DE8}") = "TestInternalUsages", "TestInternalUsages", "{B85F80AE-6A27-402C-93FA-352D938EDA8D}"
EndProject
Project("{2150E333-8FDC-42A3-9474-1A3956D46DE8}") = "Tests", "Tests", "{4C34F748-F223-44DD-899D-029F9CEF7780}"
EndProject
Project("{2150E333-8FDC-42A3-9474-1A3956D46DE8}") = "Tools", "Tools", "{9504B5F4-E803-46E3-B110-CBA8196B03D4}"
EndProject
Project("{FAE04EC0-301F-11D3-BF4B-00C04F79EFBC}") = "MemStat.Net", "src\MemStat.Net\MemStat.Net.csproj", "{0776B016-89E2-4433-AAD8-D94BD584841D}"
EndProject
Project("{FAE04EC0-301F-11D3-BF4B-00C04F79EFBC}") = "MemStat.Console", "internalUsages\MemStat.Console\MemStat.Console.csproj", "{EEBE3FAB-4975-4BC8-85B9-6BA3E5A66195}"
EndProject
Project("{FAE04EC0-301F-11D3-BF4B-00C04F79EFBC}") = "MemStat.Net.Web", "internalUsages\MemStat.Net.Web\MemStat.Net.Web.csproj", "{4901946C-6FE9-48CC-A0D1-3BC2F5D7B505}"
EndProject
Project("{FAE04EC0-301F-11D3-BF4B-00C04F79EFBC}") = "Sekiban.Pure", "src\Sekiban.Pure\Sekiban.Pure.csproj", "{00DDB0CC-FAD1-4B0B-AE59-F2C889D0659F}"
EndProject
Project("{FAE04EC0-301F-11D3-BF4B-00C04F79EFBC}") = "Sekiban.Pure.SourceGenerator", "src\Sekiban.Pure.SourceGenerator\Sekiban.Pure.SourceGenerator.csproj", "{5D33366F-B87C-4B97-B5D5-03DE86FD1A8D}"
EndProject
Project("{FAE04EC0-301F-11D3-BF4B-00C04F79EFBC}") = "Pure.Domain", "internalUsages\Pure.Domain\Pure.Domain.csproj", "{59FE4616-6610-48AE-A44A-2AC2E1D27A05}"
EndProject
Project("{FAE04EC0-301F-11D3-BF4B-00C04F79EFBC}") = "MemStat.Net.Test", "tests\MemStat.Net.Test\MemStat.Net.Test.csproj", "{351D9C9B-3585-47E1-9E35-351A91CD4CA6}"
EndProject
Project("{FAE04EC0-301F-11D3-BF4B-00C04F79EFBC}") = "Sekiban.Pure.CosmosDb", "src\Sekiban.Pure.CosmosDb\Sekiban.Pure.CosmosDb.csproj", "{B0823EC8-E8DF-4ECB-9FC7-2E06461788DC}"
EndProject
Project("{FAE04EC0-301F-11D3-BF4B-00C04F79EFBC}") = "Sekiban.Pure.AspNetCore", "src\Sekiban.Pure.AspNetCore\Sekiban.Pure.AspNetCore.csproj", "{E21D74E3-0DD4-4076-928C-F62D7C2106E6}"
EndProject
Project("{FAE04EC0-301F-11D3-BF4B-00C04F79EFBC}") = "Sekiban.Pure.Postgres", "src\Sekiban.Pure.Postgres\Sekiban.Pure.Postgres.csproj", "{C633BE14-618A-4502-A764-E43783ACD225}"
EndProject
Project("{FAE04EC0-301F-11D3-BF4B-00C04F79EFBC}") = "Sekiban.Pure.Postgres.MigrationHost", "src\Sekiban.Pure.Postgres.MigrationHost\Sekiban.Pure.Postgres.MigrationHost.csproj", "{030DE84D-E550-4D6A-AAA4-6B52BB97CEEF}"
EndProject
Project("{FAE04EC0-301F-11D3-BF4B-00C04F79EFBC}") = "Sekiban.Pure.xUnit", "src\Sekiban.Pure.xUnit\Sekiban.Pure.xUnit.csproj", "{BEE95770-7CFF-4F56-ACE3-669C22570081}"
EndProject
Project("{FAE04EC0-301F-11D3-BF4B-00C04F79EFBC}") = "Sekiban.Pure.NUnit", "src\Sekiban.Pure.NUnit\Sekiban.Pure.NUnit.csproj", "{97E1F63C-51B5-4BAF-BC74-650CE7F8DFD3}"
EndProject
Project("{FAE04EC0-301F-11D3-BF4B-00C04F79EFBC}") = "Sekiban.Pure.Orleans", "src\Sekiban.Pure.Orleans\Sekiban.Pure.Orleans.csproj", "{D6B72E4B-2B10-4DA4-85EA-03930E0702E2}"
EndProject
Project("{FAE04EC0-301F-11D3-BF4B-00C04F79EFBC}") = "Sekiban.Pure.Orleans.NUnit", "src\Sekiban.Pure.Orleans.NUnit\Sekiban.Pure.Orleans.NUnit.csproj", "{712A8BFD-81C9-47D3-B614-2A64CFC1E317}"
EndProject
Project("{FAE04EC0-301F-11D3-BF4B-00C04F79EFBC}") = "Sekiban.Pure.Orleans.xUnit", "src\Sekiban.Pure.Orleans.xUnit\Sekiban.Pure.Orleans.xUnit.csproj", "{B7092779-1878-4509-A029-799094D53782}"
EndProject
Project("{FAE04EC0-301F-11D3-BF4B-00C04F79EFBC}") = "Pure.Domain.xUnit", "tests\Pure.Domain.xUnit\Pure.Domain.xUnit.csproj", "{702E5AFD-381D-465E-8894-A08EDEA21029}"
EndProject
Project("{FAE04EC0-301F-11D3-BF4B-00C04F79EFBC}") = "Pure.Domain.Test", "tests\Pure.Domain.Test\Pure.Domain.Test.csproj", "{A5E7B3F1-D7C4-4EF8-AD85-829D8B89F3C2}"
EndProject
Project("{FAE04EC0-301F-11D3-BF4B-00C04F79EFBC}") = "Sekiban.Pure.ReadModel", "src\Sekiban.Pure.ReadModel\Sekiban.Pure.ReadModel.csproj", "{BBE69378-F7A4-4631-AC15-6E5EB81459AF}"
EndProject
Project("{FAE04EC0-301F-11D3-BF4B-00C04F79EFBC}") = "OrleansSekiban.Unit", "internalUsages\OrleansSekiban.Unit\OrleansSekiban.Unit.csproj", "{39C772FB-1160-452B-9E02-DB8D1BD5FF93}"
EndProject
Project("{FAE04EC0-301F-11D3-BF4B-00C04F79EFBC}") = "OrleansSekiban.ServiceDefaults", "internalUsages\OrleansSekiban.ServiceDefaults\OrleansSekiban.ServiceDefaults.csproj", "{FCEEB663-D974-437C-9667-966B8686DDD4}"
EndProject
Project("{FAE04EC0-301F-11D3-BF4B-00C04F79EFBC}") = "OrleansSekiban.Playwright", "internalUsages\OrleansSekiban.Playwright\OrleansSekiban.Playwright.csproj", "{2B15DE73-7B0E-4956-81F5-A64D1799276F}"
EndProject
Project("{FAE04EC0-301F-11D3-BF4B-00C04F79EFBC}") = "OrleansSekiban.Domain", "internalUsages\OrleansSekiban.Domain\OrleansSekiban.Domain.csproj", "{B741C05E-681C-4C37-B855-8F9F64E880B1}"
EndProject
Project("{FAE04EC0-301F-11D3-BF4B-00C04F79EFBC}") = "OrleansSekiban.ApiService", "internalUsages\OrleansSekiban.ApiService\OrleansSekiban.ApiService.csproj", "{3A0D14E1-D1A7-4ACC-B5E6-7E7187099091}"
EndProject
Project("{FAE04EC0-301F-11D3-BF4B-00C04F79EFBC}") = "OrleansSekiban.AppHost", "internalUsages\OrleansSekiban.AppHost\OrleansSekiban.AppHost.csproj", "{878DA968-B412-48EF-A2BE-C110340FEBB4}"
EndProject
Project("{FAE04EC0-301F-11D3-BF4B-00C04F79EFBC}") = "OrleansSekiban.Web", "internalUsages\OrleansSekiban.Web\OrleansSekiban.Web.csproj", "{B4ADEB7B-F8FB-4A51-B2A6-4B99CA7A8113}"
EndProject
Global
	GlobalSection(SolutionConfigurationPlatforms) = preSolution
		Debug|Any CPU = Debug|Any CPU
		Release|Any CPU = Release|Any CPU
	EndGlobalSection
	GlobalSection(ProjectConfigurationPlatforms) = postSolution
		{0776B016-89E2-4433-AAD8-D94BD584841D}.Debug|Any CPU.ActiveCfg = Debug|Any CPU
		{0776B016-89E2-4433-AAD8-D94BD584841D}.Debug|Any CPU.Build.0 = Debug|Any CPU
		{0776B016-89E2-4433-AAD8-D94BD584841D}.Release|Any CPU.ActiveCfg = Release|Any CPU
		{0776B016-89E2-4433-AAD8-D94BD584841D}.Release|Any CPU.Build.0 = Release|Any CPU
		{EEBE3FAB-4975-4BC8-85B9-6BA3E5A66195}.Debug|Any CPU.ActiveCfg = Debug|Any CPU
		{EEBE3FAB-4975-4BC8-85B9-6BA3E5A66195}.Debug|Any CPU.Build.0 = Debug|Any CPU
		{EEBE3FAB-4975-4BC8-85B9-6BA3E5A66195}.Release|Any CPU.ActiveCfg = Release|Any CPU
		{EEBE3FAB-4975-4BC8-85B9-6BA3E5A66195}.Release|Any CPU.Build.0 = Release|Any CPU
		{4901946C-6FE9-48CC-A0D1-3BC2F5D7B505}.Debug|Any CPU.ActiveCfg = Debug|Any CPU
		{4901946C-6FE9-48CC-A0D1-3BC2F5D7B505}.Debug|Any CPU.Build.0 = Debug|Any CPU
		{4901946C-6FE9-48CC-A0D1-3BC2F5D7B505}.Release|Any CPU.ActiveCfg = Release|Any CPU
		{4901946C-6FE9-48CC-A0D1-3BC2F5D7B505}.Release|Any CPU.Build.0 = Release|Any CPU
		{00DDB0CC-FAD1-4B0B-AE59-F2C889D0659F}.Debug|Any CPU.ActiveCfg = Debug|Any CPU
		{00DDB0CC-FAD1-4B0B-AE59-F2C889D0659F}.Debug|Any CPU.Build.0 = Debug|Any CPU
		{00DDB0CC-FAD1-4B0B-AE59-F2C889D0659F}.Release|Any CPU.ActiveCfg = Release|Any CPU
		{00DDB0CC-FAD1-4B0B-AE59-F2C889D0659F}.Release|Any CPU.Build.0 = Release|Any CPU
		{5D33366F-B87C-4B97-B5D5-03DE86FD1A8D}.Debug|Any CPU.ActiveCfg = Debug|Any CPU
		{5D33366F-B87C-4B97-B5D5-03DE86FD1A8D}.Debug|Any CPU.Build.0 = Debug|Any CPU
		{5D33366F-B87C-4B97-B5D5-03DE86FD1A8D}.Release|Any CPU.ActiveCfg = Release|Any CPU
		{5D33366F-B87C-4B97-B5D5-03DE86FD1A8D}.Release|Any CPU.Build.0 = Release|Any CPU
		{59FE4616-6610-48AE-A44A-2AC2E1D27A05}.Debug|Any CPU.ActiveCfg = Debug|Any CPU
		{59FE4616-6610-48AE-A44A-2AC2E1D27A05}.Debug|Any CPU.Build.0 = Debug|Any CPU
		{59FE4616-6610-48AE-A44A-2AC2E1D27A05}.Release|Any CPU.ActiveCfg = Release|Any CPU
		{59FE4616-6610-48AE-A44A-2AC2E1D27A05}.Release|Any CPU.Build.0 = Release|Any CPU
		{351D9C9B-3585-47E1-9E35-351A91CD4CA6}.Debug|Any CPU.ActiveCfg = Debug|Any CPU
		{351D9C9B-3585-47E1-9E35-351A91CD4CA6}.Debug|Any CPU.Build.0 = Debug|Any CPU
		{351D9C9B-3585-47E1-9E35-351A91CD4CA6}.Release|Any CPU.ActiveCfg = Release|Any CPU
		{351D9C9B-3585-47E1-9E35-351A91CD4CA6}.Release|Any CPU.Build.0 = Release|Any CPU
		{B0823EC8-E8DF-4ECB-9FC7-2E06461788DC}.Debug|Any CPU.ActiveCfg = Debug|Any CPU
		{B0823EC8-E8DF-4ECB-9FC7-2E06461788DC}.Debug|Any CPU.Build.0 = Debug|Any CPU
		{B0823EC8-E8DF-4ECB-9FC7-2E06461788DC}.Release|Any CPU.ActiveCfg = Release|Any CPU
		{B0823EC8-E8DF-4ECB-9FC7-2E06461788DC}.Release|Any CPU.Build.0 = Release|Any CPU
		{E21D74E3-0DD4-4076-928C-F62D7C2106E6}.Debug|Any CPU.ActiveCfg = Debug|Any CPU
		{E21D74E3-0DD4-4076-928C-F62D7C2106E6}.Debug|Any CPU.Build.0 = Debug|Any CPU
		{E21D74E3-0DD4-4076-928C-F62D7C2106E6}.Release|Any CPU.ActiveCfg = Release|Any CPU
		{E21D74E3-0DD4-4076-928C-F62D7C2106E6}.Release|Any CPU.Build.0 = Release|Any CPU
		{C633BE14-618A-4502-A764-E43783ACD225}.Debug|Any CPU.ActiveCfg = Debug|Any CPU
		{C633BE14-618A-4502-A764-E43783ACD225}.Debug|Any CPU.Build.0 = Debug|Any CPU
		{C633BE14-618A-4502-A764-E43783ACD225}.Release|Any CPU.ActiveCfg = Release|Any CPU
		{C633BE14-618A-4502-A764-E43783ACD225}.Release|Any CPU.Build.0 = Release|Any CPU
		{030DE84D-E550-4D6A-AAA4-6B52BB97CEEF}.Debug|Any CPU.ActiveCfg = Debug|Any CPU
		{030DE84D-E550-4D6A-AAA4-6B52BB97CEEF}.Debug|Any CPU.Build.0 = Debug|Any CPU
		{030DE84D-E550-4D6A-AAA4-6B52BB97CEEF}.Release|Any CPU.ActiveCfg = Release|Any CPU
		{030DE84D-E550-4D6A-AAA4-6B52BB97CEEF}.Release|Any CPU.Build.0 = Release|Any CPU
		{BEE95770-7CFF-4F56-ACE3-669C22570081}.Debug|Any CPU.ActiveCfg = Debug|Any CPU
		{BEE95770-7CFF-4F56-ACE3-669C22570081}.Debug|Any CPU.Build.0 = Debug|Any CPU
		{BEE95770-7CFF-4F56-ACE3-669C22570081}.Release|Any CPU.ActiveCfg = Release|Any CPU
		{BEE95770-7CFF-4F56-ACE3-669C22570081}.Release|Any CPU.Build.0 = Release|Any CPU
		{97E1F63C-51B5-4BAF-BC74-650CE7F8DFD3}.Debug|Any CPU.ActiveCfg = Debug|Any CPU
		{97E1F63C-51B5-4BAF-BC74-650CE7F8DFD3}.Debug|Any CPU.Build.0 = Debug|Any CPU
		{97E1F63C-51B5-4BAF-BC74-650CE7F8DFD3}.Release|Any CPU.ActiveCfg = Release|Any CPU
		{97E1F63C-51B5-4BAF-BC74-650CE7F8DFD3}.Release|Any CPU.Build.0 = Release|Any CPU
		{D6B72E4B-2B10-4DA4-85EA-03930E0702E2}.Debug|Any CPU.ActiveCfg = Debug|Any CPU
		{D6B72E4B-2B10-4DA4-85EA-03930E0702E2}.Debug|Any CPU.Build.0 = Debug|Any CPU
		{D6B72E4B-2B10-4DA4-85EA-03930E0702E2}.Release|Any CPU.ActiveCfg = Release|Any CPU
		{D6B72E4B-2B10-4DA4-85EA-03930E0702E2}.Release|Any CPU.Build.0 = Release|Any CPU
		{712A8BFD-81C9-47D3-B614-2A64CFC1E317}.Debug|Any CPU.ActiveCfg = Debug|Any CPU
		{712A8BFD-81C9-47D3-B614-2A64CFC1E317}.Debug|Any CPU.Build.0 = Debug|Any CPU
		{712A8BFD-81C9-47D3-B614-2A64CFC1E317}.Release|Any CPU.ActiveCfg = Release|Any CPU
		{712A8BFD-81C9-47D3-B614-2A64CFC1E317}.Release|Any CPU.Build.0 = Release|Any CPU
		{B7092779-1878-4509-A029-799094D53782}.Debug|Any CPU.ActiveCfg = Debug|Any CPU
		{B7092779-1878-4509-A029-799094D53782}.Debug|Any CPU.Build.0 = Debug|Any CPU
		{B7092779-1878-4509-A029-799094D53782}.Release|Any CPU.ActiveCfg = Release|Any CPU
		{B7092779-1878-4509-A029-799094D53782}.Release|Any CPU.Build.0 = Release|Any CPU
		{702E5AFD-381D-465E-8894-A08EDEA21029}.Debug|Any CPU.ActiveCfg = Debug|Any CPU
		{702E5AFD-381D-465E-8894-A08EDEA21029}.Debug|Any CPU.Build.0 = Debug|Any CPU
		{702E5AFD-381D-465E-8894-A08EDEA21029}.Release|Any CPU.ActiveCfg = Release|Any CPU
		{702E5AFD-381D-465E-8894-A08EDEA21029}.Release|Any CPU.Build.0 = Release|Any CPU
		{A5E7B3F1-D7C4-4EF8-AD85-829D8B89F3C2}.Debug|Any CPU.ActiveCfg = Debug|Any CPU
		{A5E7B3F1-D7C4-4EF8-AD85-829D8B89F3C2}.Debug|Any CPU.Build.0 = Debug|Any CPU
		{A5E7B3F1-D7C4-4EF8-AD85-829D8B89F3C2}.Release|Any CPU.ActiveCfg = Release|Any CPU
		{A5E7B3F1-D7C4-4EF8-AD85-829D8B89F3C2}.Release|Any CPU.Build.0 = Release|Any CPU
		{BBE69378-F7A4-4631-AC15-6E5EB81459AF}.Debug|Any CPU.ActiveCfg = Debug|Any CPU
		{BBE69378-F7A4-4631-AC15-6E5EB81459AF}.Debug|Any CPU.Build.0 = Debug|Any CPU
		{BBE69378-F7A4-4631-AC15-6E5EB81459AF}.Release|Any CPU.ActiveCfg = Release|Any CPU
		{BBE69378-F7A4-4631-AC15-6E5EB81459AF}.Release|Any CPU.Build.0 = Release|Any CPU
		{39C772FB-1160-452B-9E02-DB8D1BD5FF93}.Debug|Any CPU.ActiveCfg = Debug|Any CPU
		{39C772FB-1160-452B-9E02-DB8D1BD5FF93}.Debug|Any CPU.Build.0 = Debug|Any CPU
		{39C772FB-1160-452B-9E02-DB8D1BD5FF93}.Release|Any CPU.ActiveCfg = Release|Any CPU
		{39C772FB-1160-452B-9E02-DB8D1BD5FF93}.Release|Any CPU.Build.0 = Release|Any CPU
		{FCEEB663-D974-437C-9667-966B8686DDD4}.Debug|Any CPU.ActiveCfg = Debug|Any CPU
		{FCEEB663-D974-437C-9667-966B8686DDD4}.Debug|Any CPU.Build.0 = Debug|Any CPU
		{FCEEB663-D974-437C-9667-966B8686DDD4}.Release|Any CPU.ActiveCfg = Release|Any CPU
		{FCEEB663-D974-437C-9667-966B8686DDD4}.Release|Any CPU.Build.0 = Release|Any CPU
		{2B15DE73-7B0E-4956-81F5-A64D1799276F}.Debug|Any CPU.ActiveCfg = Debug|Any CPU
		{2B15DE73-7B0E-4956-81F5-A64D1799276F}.Debug|Any CPU.Build.0 = Debug|Any CPU
		{2B15DE73-7B0E-4956-81F5-A64D1799276F}.Release|Any CPU.ActiveCfg = Release|Any CPU
		{2B15DE73-7B0E-4956-81F5-A64D1799276F}.Release|Any CPU.Build.0 = Release|Any CPU
		{B741C05E-681C-4C37-B855-8F9F64E880B1}.Debug|Any CPU.ActiveCfg = Debug|Any CPU
		{B741C05E-681C-4C37-B855-8F9F64E880B1}.Debug|Any CPU.Build.0 = Debug|Any CPU
		{B741C05E-681C-4C37-B855-8F9F64E880B1}.Release|Any CPU.ActiveCfg = Release|Any CPU
		{B741C05E-681C-4C37-B855-8F9F64E880B1}.Release|Any CPU.Build.0 = Release|Any CPU
		{3A0D14E1-D1A7-4ACC-B5E6-7E7187099091}.Debug|Any CPU.ActiveCfg = Debug|Any CPU
		{3A0D14E1-D1A7-4ACC-B5E6-7E7187099091}.Debug|Any CPU.Build.0 = Debug|Any CPU
		{3A0D14E1-D1A7-4ACC-B5E6-7E7187099091}.Release|Any CPU.ActiveCfg = Release|Any CPU
		{3A0D14E1-D1A7-4ACC-B5E6-7E7187099091}.Release|Any CPU.Build.0 = Release|Any CPU
		{878DA968-B412-48EF-A2BE-C110340FEBB4}.Debug|Any CPU.ActiveCfg = Debug|Any CPU
		{878DA968-B412-48EF-A2BE-C110340FEBB4}.Debug|Any CPU.Build.0 = Debug|Any CPU
		{878DA968-B412-48EF-A2BE-C110340FEBB4}.Release|Any CPU.ActiveCfg = Release|Any CPU
		{878DA968-B412-48EF-A2BE-C110340FEBB4}.Release|Any CPU.Build.0 = Release|Any CPU
		{B4ADEB7B-F8FB-4A51-B2A6-4B99CA7A8113}.Debug|Any CPU.ActiveCfg = Debug|Any CPU
		{B4ADEB7B-F8FB-4A51-B2A6-4B99CA7A8113}.Debug|Any CPU.Build.0 = Debug|Any CPU
		{B4ADEB7B-F8FB-4A51-B2A6-4B99CA7A8113}.Release|Any CPU.ActiveCfg = Release|Any CPU
		{B4ADEB7B-F8FB-4A51-B2A6-4B99CA7A8113}.Release|Any CPU.Build.0 = Release|Any CPU
	EndGlobalSection
	GlobalSection(SolutionProperties) = preSolution
		HideSolutionNode = FALSE
	EndGlobalSection
	GlobalSection(NestedProjects) = preSolution
		{0776B016-89E2-4433-AAD8-D94BD584841D} = {76D7B2DA-2E6B-4078-AC01-B29BCA83411A}
		{EEBE3FAB-4975-4BC8-85B9-6BA3E5A66195} = {B85F80AE-6A27-402C-93FA-352D938EDA8D}
		{4901946C-6FE9-48CC-A0D1-3BC2F5D7B505} = {B85F80AE-6A27-402C-93FA-352D938EDA8D}
		{00DDB0CC-FAD1-4B0B-AE59-F2C889D0659F} = {76D7B2DA-2E6B-4078-AC01-B29BCA83411A}
		{5D33366F-B87C-4B97-B5D5-03DE86FD1A8D} = {76D7B2DA-2E6B-4078-AC01-B29BCA83411A}
		{59FE4616-6610-48AE-A44A-2AC2E1D27A05} = {B85F80AE-6A27-402C-93FA-352D938EDA8D}
		{351D9C9B-3585-47E1-9E35-351A91CD4CA6} = {4C34F748-F223-44DD-899D-029F9CEF7780}
		{B0823EC8-E8DF-4ECB-9FC7-2E06461788DC} = {76D7B2DA-2E6B-4078-AC01-B29BCA83411A}
		{E21D74E3-0DD4-4076-928C-F62D7C2106E6} = {76D7B2DA-2E6B-4078-AC01-B29BCA83411A}
		{C633BE14-618A-4502-A764-E43783ACD225} = {76D7B2DA-2E6B-4078-AC01-B29BCA83411A}
		{030DE84D-E550-4D6A-AAA4-6B52BB97CEEF} = {76D7B2DA-2E6B-4078-AC01-B29BCA83411A}
		{BEE95770-7CFF-4F56-ACE3-669C22570081} = {76D7B2DA-2E6B-4078-AC01-B29BCA83411A}
		{97E1F63C-51B5-4BAF-BC74-650CE7F8DFD3} = {76D7B2DA-2E6B-4078-AC01-B29BCA83411A}
		{D6B72E4B-2B10-4DA4-85EA-03930E0702E2} = {76D7B2DA-2E6B-4078-AC01-B29BCA83411A}
		{712A8BFD-81C9-47D3-B614-2A64CFC1E317} = {76D7B2DA-2E6B-4078-AC01-B29BCA83411A}
		{B7092779-1878-4509-A029-799094D53782} = {76D7B2DA-2E6B-4078-AC01-B29BCA83411A}
		{702E5AFD-381D-465E-8894-A08EDEA21029} = {4C34F748-F223-44DD-899D-029F9CEF7780}
		{A5E7B3F1-D7C4-4EF8-AD85-829D8B89F3C2} = {4C34F748-F223-44DD-899D-029F9CEF7780}
		{BBE69378-F7A4-4631-AC15-6E5EB81459AF} = {76D7B2DA-2E6B-4078-AC01-B29BCA83411A}
		{39C772FB-1160-452B-9E02-DB8D1BD5FF93} = {B85F80AE-6A27-402C-93FA-352D938EDA8D}
		{FCEEB663-D974-437C-9667-966B8686DDD4} = {B85F80AE-6A27-402C-93FA-352D938EDA8D}
		{2B15DE73-7B0E-4956-81F5-A64D1799276F} = {B85F80AE-6A27-402C-93FA-352D938EDA8D}
		{B741C05E-681C-4C37-B855-8F9F64E880B1} = {B85F80AE-6A27-402C-93FA-352D938EDA8D}
		{3A0D14E1-D1A7-4ACC-B5E6-7E7187099091} = {B85F80AE-6A27-402C-93FA-352D938EDA8D}
		{878DA968-B412-48EF-A2BE-C110340FEBB4} = {B85F80AE-6A27-402C-93FA-352D938EDA8D}
		{B4ADEB7B-F8FB-4A51-B2A6-4B99CA7A8113} = {B85F80AE-6A27-402C-93FA-352D938EDA8D}
	EndGlobalSection
	GlobalSection(ExtensibilityGlobals) = postSolution
		SolutionGuid = {2DFBE53E-69A7-453A-8D20-72271AE32016}
	EndGlobalSection
EndGlobal
