
Microsoft Visual Studio Solution File, Format Version 12.00
# Visual Studio Version 17
VisualStudioVersion = 17.7.34031.279
MinimumVisualStudioVersion = 10.0.40219.1
Project("{9A19103F-16F7-4668-BE54-9A1E7A4F7556}") = "SekibanEventSourcingBasics.Cosmos.Web", "SekibanEventSourcingBasics.Cosmos.Web\SekibanEventSourcingBasics.Cosmos.Web.csproj", "{485BB9DB-1EAF-45F0-A50E-154986E1617F}"
EndProject
Project("{FAE04EC0-301F-11D3-BF4B-00C04F79EFBC}") = "SekibanEventSourcingBasics.Domain", "SekibanEventSourcingBasics.Domain\SekibanEventSourcingBasics.Domain.csproj", "{4B8E3FC7-9507-40D3-B71E-76B8C8539FCC}"
EndProject
Global
	GlobalSection(SolutionConfigurationPlatforms) = preSolution
		Debug|Any CPU = Debug|Any CPU
		Release|Any CPU = Release|Any CPU
	EndGlobalSection
	GlobalSection(ProjectConfigurationPlatforms) = postSolution
		{485BB9DB-1EAF-45F0-A50E-154986E1617F}.Debug|Any CPU.ActiveCfg = Debug|Any CPU
		{485BB9DB-1EAF-45F0-A50E-154986E1617F}.Debug|Any CPU.Build.0 = Debug|Any CPU
		{485BB9DB-1EAF-45F0-A50E-154986E1617F}.Release|Any CPU.ActiveCfg = Release|Any CPU
		{485BB9DB-1EAF-45F0-A50E-154986E1617F}.Release|Any CPU.Build.0 = Release|Any CPU
		{4B8E3FC7-9507-40D3-B71E-76B8C8539FCC}.Debug|Any CPU.ActiveCfg = Debug|Any CPU
		{4B8E3FC7-9507-40D3-B71E-76B8C8539FCC}.Debug|Any CPU.Build.0 = Debug|Any CPU
		{4B8E3FC7-9507-40D3-B71E-76B8C8539FCC}.Release|Any CPU.ActiveCfg = Release|Any CPU
		{4B8E3FC7-9507-40D3-B71E-76B8C8539FCC}.Release|Any CPU.Build.0 = Release|Any CPU
	EndGlobalSection
	GlobalSection(SolutionProperties) = preSolution
		HideSolutionNode = FALSE
	EndGlobalSection
	GlobalSection(ExtensibilityGlobals) = postSolution
		SolutionGuid = {5547E5F2-1BC0-4388-8292-5EC594E66345}
	EndGlobalSection
EndGlobal
