
Microsoft Visual Studio Solution File, Format Version 12.00
# Visual Studio Version 16
VisualStudioVersion = 16.0.30114.105
MinimumVisualStudioVersion = 10.0.40219.1
Project("{FAE04EC0-301F-11D3-BF4B-00C04F79EFBC}") = "Sekiban.EventSourcing", "Sekiban.EventSourcing\Sekiban.EventSourcing.csproj", "{7FBCBF21-E772-4230-BE51-E276BD44B9C7}"
EndProject
Project("{FAE04EC0-301F-11D3-BF4B-00C04F79EFBC}") = "Sekiban.EventSourcing.CosmosInfrastructure", "Sekiban.EventSourcing.CosmosInfrastracture\Sekiban.EventSourcing.CosmosInfrastructure.csproj", "{EE5451F8-8C1C-451F-8B0E-990E57548361}"
EndProject
Project("{FAE04EC0-301F-11D3-BF4B-00C04F79EFBC}") = "Sekiban.EventSourcing.WebHelper", "Sekiban.EventSourcing.WebHelper\Sekiban.EventSourcing.WebHelper.csproj", "{0E40F19F-E6B9-48CB-8AF3-72B116F2E97F}"
EndProject
Global
	GlobalSection(SolutionConfigurationPlatforms) = preSolution
		Debug|Any CPU = Debug|Any CPU
		Release|Any CPU = Release|Any CPU
	EndGlobalSection
	GlobalSection(SolutionProperties) = preSolution
		HideSolutionNode = FALSE
	EndGlobalSection
	GlobalSection(ProjectConfigurationPlatforms) = postSolution
		{7FBCBF21-E772-4230-BE51-E276BD44B9C7}.Debug|Any CPU.ActiveCfg = Debug|Any CPU
		{7FBCBF21-E772-4230-BE51-E276BD44B9C7}.Debug|Any CPU.Build.0 = Debug|Any CPU
		{7FBCBF21-E772-4230-BE51-E276BD44B9C7}.Release|Any CPU.ActiveCfg = Release|Any CPU
		{7FBCBF21-E772-4230-BE51-E276BD44B9C7}.Release|Any CPU.Build.0 = Release|Any CPU
		{EE5451F8-8C1C-451F-8B0E-990E57548361}.Debug|Any CPU.ActiveCfg = Debug|Any CPU
		{EE5451F8-8C1C-451F-8B0E-990E57548361}.Debug|Any CPU.Build.0 = Debug|Any CPU
		{EE5451F8-8C1C-451F-8B0E-990E57548361}.Release|Any CPU.ActiveCfg = Release|Any CPU
		{EE5451F8-8C1C-451F-8B0E-990E57548361}.Release|Any CPU.Build.0 = Release|Any CPU
		{0E40F19F-E6B9-48CB-8AF3-72B116F2E97F}.Debug|Any CPU.ActiveCfg = Debug|Any CPU
		{0E40F19F-E6B9-48CB-8AF3-72B116F2E97F}.Debug|Any CPU.Build.0 = Debug|Any CPU
		{0E40F19F-E6B9-48CB-8AF3-72B116F2E97F}.Release|Any CPU.ActiveCfg = Release|Any CPU
		{0E40F19F-E6B9-48CB-8AF3-72B116F2E97F}.Release|Any CPU.Build.0 = Release|Any CPU
	EndGlobalSection
EndGlobal
