
Microsoft Visual Studio Solution File, Format Version 12.00
# Visual Studio Version 16
VisualStudioVersion = 16.0.30114.105
MinimumVisualStudioVersion = 10.0.40219.1
Project("{FAE04EC0-301F-11D3-BF4B-00C04F79EFBC}") = "Sekiban.Core", "Sekiban.Core\Sekiban.Core.csproj", "{BD3F7A12-BCCD-45B9-8DF7-E73A66CF9D80}"
EndProject
Project("{FAE04EC0-301F-11D3-BF4B-00C04F79EFBC}") = "Sekiban.Testing", "Sekiban.Testing\Sekiban.Testing.csproj", "{3656DE13-F6DD-498B-8002-C671833AC315}"
EndProject
Project("{FAE04EC0-301F-11D3-BF4B-00C04F79EFBC}") = "Sekiban.Infrastructure.Cosmos", "Sekiban.Infrastructure.Cosmos\Sekiban.Infrastructure.Cosmos.csproj", "{006403BC-8CE7-45CE-ACB3-067361735977}"
EndProject
Project("{FAE04EC0-301F-11D3-BF4B-00C04F79EFBC}") = "Sekiban.Addon.Tenant", "Sekiban.Addon.Tenant\Sekiban.Addon.Tenant.csproj", "{BEB9BC74-75F7-422F-A99B-B63760E48F03}"
EndProject
Project("{FAE04EC0-301F-11D3-BF4B-00C04F79EFBC}") = "Sekiban.Addon.Web", "Sekiban.Addon.Web\Sekiban.Addon.Web.csproj", "{A6F6EFEC-8E1E-4FF3-B649-786620F209E3}"
EndProject
Global
	GlobalSection(SolutionConfigurationPlatforms) = preSolution
		Debug|Any CPU = Debug|Any CPU
		Release|Any CPU = Release|Any CPU
	EndGlobalSection
	GlobalSection(SolutionProperties) = preSolution
		HideSolutionNode = FALSE
	EndGlobalSection
	GlobalSection(ProjectConfigurationPlatforms) = postSolution
		{BD3F7A12-BCCD-45B9-8DF7-E73A66CF9D80}.Debug|Any CPU.ActiveCfg = Debug|Any CPU
		{BD3F7A12-BCCD-45B9-8DF7-E73A66CF9D80}.Debug|Any CPU.Build.0 = Debug|Any CPU
		{BD3F7A12-BCCD-45B9-8DF7-E73A66CF9D80}.Release|Any CPU.ActiveCfg = Release|Any CPU
		{BD3F7A12-BCCD-45B9-8DF7-E73A66CF9D80}.Release|Any CPU.Build.0 = Release|Any CPU
		{3656DE13-F6DD-498B-8002-C671833AC315}.Debug|Any CPU.ActiveCfg = Debug|Any CPU
		{3656DE13-F6DD-498B-8002-C671833AC315}.Debug|Any CPU.Build.0 = Debug|Any CPU
		{3656DE13-F6DD-498B-8002-C671833AC315}.Release|Any CPU.ActiveCfg = Release|Any CPU
		{3656DE13-F6DD-498B-8002-C671833AC315}.Release|Any CPU.Build.0 = Release|Any CPU
		{006403BC-8CE7-45CE-ACB3-067361735977}.Debug|Any CPU.ActiveCfg = Debug|Any CPU
		{006403BC-8CE7-45CE-ACB3-067361735977}.Debug|Any CPU.Build.0 = Debug|Any CPU
		{006403BC-8CE7-45CE-ACB3-067361735977}.Release|Any CPU.ActiveCfg = Release|Any CPU
		{006403BC-8CE7-45CE-ACB3-067361735977}.Release|Any CPU.Build.0 = Release|Any CPU
		{BEB9BC74-75F7-422F-A99B-B63760E48F03}.Debug|Any CPU.ActiveCfg = Debug|Any CPU
		{BEB9BC74-75F7-422F-A99B-B63760E48F03}.Debug|Any CPU.Build.0 = Debug|Any CPU
		{BEB9BC74-75F7-422F-A99B-B63760E48F03}.Release|Any CPU.ActiveCfg = Release|Any CPU
		{BEB9BC74-75F7-422F-A99B-B63760E48F03}.Release|Any CPU.Build.0 = Release|Any CPU
		{A6F6EFEC-8E1E-4FF3-B649-786620F209E3}.Debug|Any CPU.ActiveCfg = Debug|Any CPU
		{A6F6EFEC-8E1E-4FF3-B649-786620F209E3}.Debug|Any CPU.Build.0 = Debug|Any CPU
		{A6F6EFEC-8E1E-4FF3-B649-786620F209E3}.Release|Any CPU.ActiveCfg = Release|Any CPU
		{A6F6EFEC-8E1E-4FF3-B649-786620F209E3}.Release|Any CPU.Build.0 = Release|Any CPU
	EndGlobalSection
EndGlobal
