
Microsoft Visual Studio Solution File, Format Version 12.00
Project("{FAE04EC0-301F-11D3-BF4B-00C04F79EFBC}") = "BookBorrowing.Domain", "BookBorrowing.Domain\BookBorrowing.Domain.csproj", "{46A51AFB-6D8F-4C7B-B8C3-D733F747C396}"
EndProject
Project("{FAE04EC0-301F-11D3-BF4B-00C04F79EFBC}") = "BookBorrowing.Web.Cosmos", "BookBorrowing.Web.Cosmos\BookBorrowing.Web.Cosmos.csproj", "{B513125D-23B7-402F-B32E-B02626A4FDFB}"
EndProject
Project("{FAE04EC0-301F-11D3-BF4B-00C04F79EFBC}") = "BookBorrowing.Web.Dynamo", "BookBorrowing.Web.Dynamo\BookBorrowing.Web.Dynamo.csproj", "{7523E544-AC6E-4EB0-BB81-5367DE5A972F}"
EndProject
Project("{FAE04EC0-301F-11D3-BF4B-00C04F79EFBC}") = "BookBorrowing.Domain.Test", "BookBorrowing.Domain.Test\BookBorrowing.Domain.Test.csproj", "{D9856269-16B1-4F81-97D5-675BC4166808}"
EndProject
Global
	GlobalSection(SolutionConfigurationPlatforms) = preSolution
		Debug|Any CPU = Debug|Any CPU
		Release|Any CPU = Release|Any CPU
	EndGlobalSection
	GlobalSection(ProjectConfigurationPlatforms) = postSolution
		{46A51AFB-6D8F-4C7B-B8C3-D733F747C396}.Debug|Any CPU.ActiveCfg = Debug|Any CPU
		{46A51AFB-6D8F-4C7B-B8C3-D733F747C396}.Debug|Any CPU.Build.0 = Debug|Any CPU
		{46A51AFB-6D8F-4C7B-B8C3-D733F747C396}.Release|Any CPU.ActiveCfg = Release|Any CPU
		{46A51AFB-6D8F-4C7B-B8C3-D733F747C396}.Release|Any CPU.Build.0 = Release|Any CPU
		{B513125D-23B7-402F-B32E-B02626A4FDFB}.Debug|Any CPU.ActiveCfg = Debug|Any CPU
		{B513125D-23B7-402F-B32E-B02626A4FDFB}.Debug|Any CPU.Build.0 = Debug|Any CPU
		{B513125D-23B7-402F-B32E-B02626A4FDFB}.Release|Any CPU.ActiveCfg = Release|Any CPU
		{B513125D-23B7-402F-B32E-B02626A4FDFB}.Release|Any CPU.Build.0 = Release|Any CPU
		{7523E544-AC6E-4EB0-BB81-5367DE5A972F}.Debug|Any CPU.ActiveCfg = Debug|Any CPU
		{7523E544-AC6E-4EB0-BB81-5367DE5A972F}.Debug|Any CPU.Build.0 = Debug|Any CPU
		{7523E544-AC6E-4EB0-BB81-5367DE5A972F}.Release|Any CPU.ActiveCfg = Release|Any CPU
		{7523E544-AC6E-4EB0-BB81-5367DE5A972F}.Release|Any CPU.Build.0 = Release|Any CPU
		{D9856269-16B1-4F81-97D5-675BC4166808}.Debug|Any CPU.ActiveCfg = Debug|Any CPU
		{D9856269-16B1-4F81-97D5-675BC4166808}.Debug|Any CPU.Build.0 = Debug|Any CPU
		{D9856269-16B1-4F81-97D5-675BC4166808}.Release|Any CPU.ActiveCfg = Release|Any CPU
		{D9856269-16B1-4F81-97D5-675BC4166808}.Release|Any CPU.Build.0 = Release|Any CPU
	EndGlobalSection
EndGlobal
